// !$*UTF8*$!
{
	archiveVersion = 1;
	classes = {
	};
	objectVersion = 56;
	objects = {

/* Begin PBXBuildFile section */
		B72DCB792D81751B00C6AD7D /* Awi_SwiftUIApp.swift in Sources */ = {isa = PBXBuildFile; fileRef = B72DCB782D81751B00C6AD7D /* Awi_SwiftUIApp.swift */; };
		B72DCB7B2D81751B00C6AD7D /* ContentView.swift in Sources */ = {isa = PBXBuildFile; fileRef = B72DCB7A2D81751B00C6AD7D /* ContentView.swift */; };
		B72DCB7D2D81751D00C6AD7D /* Assets.xcassets in Resources */ = {isa = PBXBuildFile; fileRef = B72DCB7C2D81751D00C6AD7D /* Assets.xcassets */; };
		B72DCB802D81751D00C6AD7D /* Preview Assets.xcassets in Resources */ = {isa = PBXBuildFile; fileRef = B72DCB7F2D81751D00C6AD7D /* Preview Assets.xcassets */; };
		B72DCB8A2D81751D00C6AD7D /* Awi_SwiftUITests.swift in Sources */ = {isa = PBXBuildFile; fileRef = B72DCB892D81751D00C6AD7D /* Awi_SwiftUITests.swift */; };
		B72DCB942D81751D00C6AD7D /* Awi_SwiftUIUITests.swift in Sources */ = {isa = PBXBuildFile; fileRef = B72DCB932D81751D00C6AD7D /* Awi_SwiftUIUITests.swift */; };
		B72DCB962D81751D00C6AD7D /* Awi_SwiftUIUITestsLaunchTests.swift in Sources */ = {isa = PBXBuildFile; fileRef = B72DCB952D81751D00C6AD7D /* Awi_SwiftUIUITestsLaunchTests.swift */; };
		B750F0162D881FA500AFD59D /* RootView.swift in Sources */ = {isa = PBXBuildFile; fileRef = B750F0152D881FA500AFD59D /* RootView.swift */; };
		B750F0192D8824C100AFD59D /* MakeNewSaleView.swift in Sources */ = {isa = PBXBuildFile; fileRef = B750F0182D8824C100AFD59D /* MakeNewSaleView.swift */; };
		B750F01D2D88252000AFD59D /* ManageSellersView.swift in Sources */ = {isa = PBXBuildFile; fileRef = B750F01C2D88252000AFD59D /* ManageSellersView.swift */; };
		B750F0222D88255F00AFD59D /* StatisticsView.swift in Sources */ = {isa = PBXBuildFile; fileRef = B750F0212D88255F00AFD59D /* StatisticsView.swift */; };
		B750F0242D882E5B00AFD59D /* GameItemInstance.swift in Sources */ = {isa = PBXBuildFile; fileRef = B750F0232D882E5B00AFD59D /* GameItemInstance.swift */; };
		B750F0262D882E9A00AFD59D /* GameItemInstanceService.swift in Sources */ = {isa = PBXBuildFile; fileRef = B750F0252D882E9A00AFD59D /* GameItemInstanceService.swift */; };
		B750F0292D882EC600AFD59D /* MakeNewSaleViewModel.swift in Sources */ = {isa = PBXBuildFile; fileRef = B750F0282D882EC600AFD59D /* MakeNewSaleViewModel.swift */; };
		B750F02B2D886C8300AFD59D /* PurchaseDto.swift in Sources */ = {isa = PBXBuildFile; fileRef = B750F02A2D886C8300AFD59D /* PurchaseDto.swift */; };
		B750F02F2D886D4500AFD59D /* PurchaseService.swift in Sources */ = {isa = PBXBuildFile; fileRef = B750F02E2D886D4500AFD59D /* PurchaseService.swift */; };
		B76512502D81800F0087C97E /* User.swift in Sources */ = {isa = PBXBuildFile; fileRef = B765124F2D81800F0087C97E /* User.swift */; };
		B76512542D81804C0087C97E /* Transaction.swift in Sources */ = {isa = PBXBuildFile; fileRef = B76512532D81804C0087C97E /* Transaction.swift */; };
		B76512582D8180930087C97E /* LoginView.swift in Sources */ = {isa = PBXBuildFile; fileRef = B76512572D8180930087C97E /* LoginView.swift */; };
		B765125B2D8180C30087C97E /* AdminDashboardView.swift in Sources */ = {isa = PBXBuildFile; fileRef = B765125A2D8180C30087C97E /* AdminDashboardView.swift */; };
		B765125D2D8180E40087C97E /* ManagerDashboardView.swift in Sources */ = {isa = PBXBuildFile; fileRef = B765125C2D8180E40087C97E /* ManagerDashboardView.swift */; };
		B76512602D8181120087C97E /* CatalogueView.swift in Sources */ = {isa = PBXBuildFile; fileRef = B765125F2D8181120087C97E /* CatalogueView.swift */; };
		B76512622D81812D0087C97E /* GameDetailView.swift in Sources */ = {isa = PBXBuildFile; fileRef = B76512612D81812D0087C97E /* GameDetailView.swift */; };
		B76512652D81814B0087C97E /* SellerListView.swift in Sources */ = {isa = PBXBuildFile; fileRef = B76512642D81814B0087C97E /* SellerListView.swift */; };
		B76512672D81816A0087C97E /* SellerDetailView.swift in Sources */ = {isa = PBXBuildFile; fileRef = B76512662D81816A0087C97E /* SellerDetailView.swift */; };
		B76512692D8181820087C97E /* SellerEditView.swift in Sources */ = {isa = PBXBuildFile; fileRef = B76512682D8181820087C97E /* SellerEditView.swift */; };
		B765126C2D8181C80087C97E /* LoadingView.swift in Sources */ = {isa = PBXBuildFile; fileRef = B765126B2D8181C80087C97E /* LoadingView.swift */; };
		B765126E2D8181DC0087C97E /* ErrorView.swift in Sources */ = {isa = PBXBuildFile; fileRef = B765126D2D8181DC0087C97E /* ErrorView.swift */; };
		B76512722D8182090087C97E /* LoginViewModel.swift in Sources */ = {isa = PBXBuildFile; fileRef = B76512712D8182090087C97E /* LoginViewModel.swift */; };
		B76512752D81822D0087C97E /* AdminDashboardViewModel.swift in Sources */ = {isa = PBXBuildFile; fileRef = B76512742D81822D0087C97E /* AdminDashboardViewModel.swift */; };
		B76512772D8182420087C97E /* ManagerDashboardViewModel.swift in Sources */ = {isa = PBXBuildFile; fileRef = B76512762D8182420087C97E /* ManagerDashboardViewModel.swift */; };
		B765127A2D8182630087C97E /* CatalogueViewModel.swift in Sources */ = {isa = PBXBuildFile; fileRef = B76512792D8182630087C97E /* CatalogueViewModel.swift */; };
		B765127C2D8182810087C97E /* GameDetailViewModel.swift in Sources */ = {isa = PBXBuildFile; fileRef = B765127B2D8182810087C97E /* GameDetailViewModel.swift */; };
		B765127F2D81829D0087C97E /* SellerListViewModel.swift in Sources */ = {isa = PBXBuildFile; fileRef = B765127E2D81829D0087C97E /* SellerListViewModel.swift */; };
		B76512812D8182B60087C97E /* SellerDetailViewModel.swift in Sources */ = {isa = PBXBuildFile; fileRef = B76512802D8182B60087C97E /* SellerDetailViewModel.swift */; };
		B76512842D8182DA0087C97E /* APIClient.swift in Sources */ = {isa = PBXBuildFile; fileRef = B76512832D8182DA0087C97E /* APIClient.swift */; };
		B76512872D8182F80087C97E /* Endpoints.swift in Sources */ = {isa = PBXBuildFile; fileRef = B76512862D8182F80087C97E /* Endpoints.swift */; };
		B76512892D81830B0087C97E /* TokenManager.swift in Sources */ = {isa = PBXBuildFile; fileRef = B76512882D81830B0087C97E /* TokenManager.swift */; };
		B765128C2D8183330087C97E /* AuthService.swift in Sources */ = {isa = PBXBuildFile; fileRef = B765128B2D8183330087C97E /* AuthService.swift */; };
		B765128E2D8183680087C97E /* GameService.swift in Sources */ = {isa = PBXBuildFile; fileRef = B765128D2D8183680087C97E /* GameService.swift */; };
		B76512902D8183770087C97E /* SellerService.swift in Sources */ = {isa = PBXBuildFile; fileRef = B765128F2D8183770087C97E /* SellerService.swift */; };
		B76512932D8183940087C97E /* Constants.swift in Sources */ = {isa = PBXBuildFile; fileRef = B76512922D8183940087C97E /* Constants.swift */; };
		B76512952D8183A90087C97E /* Extensions.swift in Sources */ = {isa = PBXBuildFile; fileRef = B76512942D8183A90087C97E /* Extensions.swift */; };
		B76512972D8183B80087C97E /* Helpers.swift in Sources */ = {isa = PBXBuildFile; fileRef = B76512962D8183B80087C97E /* Helpers.swift */; };
		B76512992D8184740087C97E /* Game.swift in Sources */ = {isa = PBXBuildFile; fileRef = B76512982D8184740087C97E /* Game.swift */; };
		B76512A02D818B700087C97E /* .env in Resources */ = {isa = PBXBuildFile; fileRef = B765129F2D818B700087C97E /* .env */; };
		B76512A22D818C4B0087C97E /* ConfigManager.swift in Sources */ = {isa = PBXBuildFile; fileRef = B76512A12D818C4B0087C97E /* ConfigManager.swift */; };
		B7A82A8F2D8975DA001E0026 /* CatalogueRowView.swift in Sources */ = {isa = PBXBuildFile; fileRef = B7A82A8E2D8975DA001E0026 /* CatalogueRowView.swift */; };
		B7A82A912D897699001E0026 /* CatalogueResponse.swift in Sources */ = {isa = PBXBuildFile; fileRef = B7A82A902D897699001E0026 /* CatalogueResponse.swift */; };
		B7C146992D8CD1EA00BDC3C4 /* AddGameToDepositView.swift in Sources */ = {isa = PBXBuildFile; fileRef = B7C146982D8CD1EA00BDC3C4 /* AddGameToDepositView.swift */; };
		B7C1469B2D8CD1FF00BDC3C4 /* PutGameOnSaleView.swift in Sources */ = {isa = PBXBuildFile; fileRef = B7C1469A2D8CD1FF00BDC3C4 /* PutGameOnSaleView.swift */; };
		B7C1469D2D8CD21300BDC3C4 /* TakeBackGameView.swift in Sources */ = {isa = PBXBuildFile; fileRef = B7C1469C2D8CD21300BDC3C4 /* TakeBackGameView.swift */; };
		B7C1469F2D8CD71800BDC3C4 /* DepositModels.swift in Sources */ = {isa = PBXBuildFile; fileRef = B7C1469E2D8CD71800BDC3C4 /* DepositModels.swift */; };
		B7C146A12D8CD74000BDC3C4 /* DepositService.swift in Sources */ = {isa = PBXBuildFile; fileRef = B7C146A02D8CD74000BDC3C4 /* DepositService.swift */; };
		B7C146A32D8CD77100BDC3C4 /* AddGameToDepositViewModel.swift in Sources */ = {isa = PBXBuildFile; fileRef = B7C146A22D8CD77100BDC3C4 /* AddGameToDepositViewModel.swift */; };
		B7C146A52D8CDF0F00BDC3C4 /* AddGamesOnSaleViewModel.swift in Sources */ = {isa = PBXBuildFile; fileRef = B7C146A42D8CDF0F00BDC3C4 /* AddGamesOnSaleViewModel.swift */; };
		B7C146A72D8CDF3000BDC3C4 /* AddGamesOnSaleView.swift in Sources */ = {isa = PBXBuildFile; fileRef = B7C146A62D8CDF3000BDC3C4 /* AddGamesOnSaleView.swift */; };
		B7C146A92D8CDFD700BDC3C4 /* SaleService.swift in Sources */ = {isa = PBXBuildFile; fileRef = B7C146A82D8CDFD700BDC3C4 /* SaleService.swift */; };
		B7C146AB2D8D6B0200BDC3C4 /* RetrieveService.swift in Sources */ = {isa = PBXBuildFile; fileRef = B7C146AA2D8D6B0200BDC3C4 /* RetrieveService.swift */; };
		B7C146AD2D8D6B3300BDC3C4 /* TakeBackGameViewModel.swift in Sources */ = {isa = PBXBuildFile; fileRef = B7C146AC2D8D6B3300BDC3C4 /* TakeBackGameViewModel.swift */; };
		B7C146AF2D8D70F100BDC3C4 /* StatisticsModel.swift in Sources */ = {isa = PBXBuildFile; fileRef = B7C146AE2D8D70F100BDC3C4 /* StatisticsModel.swift */; };
		B7C146B12D8D712D00BDC3C4 /* StatisticsService.swift in Sources */ = {isa = PBXBuildFile; fileRef = B7C146B02D8D712D00BDC3C4 /* StatisticsService.swift */; };
		B7C146B42D8D717600BDC3C4 /* StatisticsViewModel.swift in Sources */ = {isa = PBXBuildFile; fileRef = B7C146B32D8D717600BDC3C4 /* StatisticsViewModel.swift */; };
		B7C146B62D8D76CD00BDC3C4 /* SellerActionsView.swift in Sources */ = {isa = PBXBuildFile; fileRef = B7C146B52D8D76CD00BDC3C4 /* SellerActionsView.swift */; };
		B7C146B82D8D803E00BDC3C4 /* BGDetail.swift in Sources */ = {isa = PBXBuildFile; fileRef = B7C146B72D8D803E00BDC3C4 /* BGDetail.swift */; };
		B7C146BA2D8D805C00BDC3C4 /* BoardGameDetailView.swift in Sources */ = {isa = PBXBuildFile; fileRef = B7C146B92D8D805C00BDC3C4 /* BoardGameDetailView.swift */; };
		B7C146BC2D8F449400BDC3C4 /* CreateSellerDto.swift in Sources */ = {isa = PBXBuildFile; fileRef = B7C146BB2D8F449400BDC3C4 /* CreateSellerDto.swift */; };
		B7C146BE2D8F49FC00BDC3C4 /* UpdateSellerDto.swift in Sources */ = {isa = PBXBuildFile; fileRef = B7C146BD2D8F49FC00BDC3C4 /* UpdateSellerDto.swift */; };
		B7C146C02D8F4A5700BDC3C4 /* SellerUpdateView.swift in Sources */ = {isa = PBXBuildFile; fileRef = B7C146BF2D8F4A5700BDC3C4 /* SellerUpdateView.swift */; };
		B7C146C32D8F4EC100BDC3C4 /* NavigationCoordinator.swift in Sources */ = {isa = PBXBuildFile; fileRef = B7C146C22D8F4EC100BDC3C4 /* NavigationCoordinator.swift */; };
		B7C146C52D8F542000BDC3C4 /* SellerCardView.swift in Sources */ = {isa = PBXBuildFile; fileRef = B7C146C42D8F542000BDC3C4 /* SellerCardView.swift */; };
		B7C146C72D8F941C00BDC3C4 /* Seller.swift in Sources */ = {isa = PBXBuildFile; fileRef = B7C146C62D8F941C00BDC3C4 /* Seller.swift */; };
		B7C146C92D8F9C8D00BDC3C4 /* GameItemDetailView.swift in Sources */ = {isa = PBXBuildFile; fileRef = B7C146C82D8F9C8D00BDC3C4 /* GameItemDetailView.swift */; };
		B7C146CB2D8FA2B700BDC3C4 /* SellerStats.swift in Sources */ = {isa = PBXBuildFile; fileRef = B7C146CA2D8FA2B700BDC3C4 /* SellerStats.swift */; };
		B7C146CD2D8FA2CD00BDC3C4 /* SellerStatisticsService.swift in Sources */ = {isa = PBXBuildFile; fileRef = B7C146CC2D8FA2CD00BDC3C4 /* SellerStatisticsService.swift */; };
		B7C146CF2D8FA2EC00BDC3C4 /* SellerStatisticsView.swift in Sources */ = {isa = PBXBuildFile; fileRef = B7C146CE2D8FA2EC00BDC3C4 /* SellerStatisticsView.swift */; };
		B7C146D12D905DAA00BDC3C4 /* GameItemInstanceExtended.swift in Sources */ = {isa = PBXBuildFile; fileRef = B7C146D02D905DAA00BDC3C4 /* GameItemInstanceExtended.swift */; };
/* End PBXBuildFile section */

/* Begin PBXContainerItemProxy section */
		B72DCB862D81751D00C6AD7D /* PBXContainerItemProxy */ = {
			isa = PBXContainerItemProxy;
			containerPortal = B72DCB6D2D81751B00C6AD7D /* Project object */;
			proxyType = 1;
			remoteGlobalIDString = B72DCB742D81751B00C6AD7D;
			remoteInfo = "Awi-SwiftUI";
		};
		B72DCB902D81751D00C6AD7D /* PBXContainerItemProxy */ = {
			isa = PBXContainerItemProxy;
			containerPortal = B72DCB6D2D81751B00C6AD7D /* Project object */;
			proxyType = 1;
			remoteGlobalIDString = B72DCB742D81751B00C6AD7D;
			remoteInfo = "Awi-SwiftUI";
		};
/* End PBXContainerItemProxy section */

/* Begin PBXFileReference section */
		B72DCB752D81751B00C6AD7D /* Awi-SwiftUI.app */ = {isa = PBXFileReference; explicitFileType = wrapper.application; includeInIndex = 0; path = "Awi-SwiftUI.app"; sourceTree = BUILT_PRODUCTS_DIR; };
		B72DCB782D81751B00C6AD7D /* Awi_SwiftUIApp.swift */ = {isa = PBXFileReference; lastKnownFileType = sourcecode.swift; path = Awi_SwiftUIApp.swift; sourceTree = "<group>"; };
		B72DCB7A2D81751B00C6AD7D /* ContentView.swift */ = {isa = PBXFileReference; lastKnownFileType = sourcecode.swift; path = ContentView.swift; sourceTree = "<group>"; };
		B72DCB7C2D81751D00C6AD7D /* Assets.xcassets */ = {isa = PBXFileReference; lastKnownFileType = folder.assetcatalog; path = Assets.xcassets; sourceTree = "<group>"; };
		B72DCB7F2D81751D00C6AD7D /* Preview Assets.xcassets */ = {isa = PBXFileReference; lastKnownFileType = folder.assetcatalog; path = "Preview Assets.xcassets"; sourceTree = "<group>"; };
		B72DCB852D81751D00C6AD7D /* Awi-SwiftUITests.xctest */ = {isa = PBXFileReference; explicitFileType = wrapper.cfbundle; includeInIndex = 0; path = "Awi-SwiftUITests.xctest"; sourceTree = BUILT_PRODUCTS_DIR; };
		B72DCB892D81751D00C6AD7D /* Awi_SwiftUITests.swift */ = {isa = PBXFileReference; lastKnownFileType = sourcecode.swift; path = Awi_SwiftUITests.swift; sourceTree = "<group>"; };
		B72DCB8F2D81751D00C6AD7D /* Awi-SwiftUIUITests.xctest */ = {isa = PBXFileReference; explicitFileType = wrapper.cfbundle; includeInIndex = 0; path = "Awi-SwiftUIUITests.xctest"; sourceTree = BUILT_PRODUCTS_DIR; };
		B72DCB932D81751D00C6AD7D /* Awi_SwiftUIUITests.swift */ = {isa = PBXFileReference; lastKnownFileType = sourcecode.swift; path = Awi_SwiftUIUITests.swift; sourceTree = "<group>"; };
		B72DCB952D81751D00C6AD7D /* Awi_SwiftUIUITestsLaunchTests.swift */ = {isa = PBXFileReference; lastKnownFileType = sourcecode.swift; path = Awi_SwiftUIUITestsLaunchTests.swift; sourceTree = "<group>"; };
		B750F0152D881FA500AFD59D /* RootView.swift */ = {isa = PBXFileReference; lastKnownFileType = sourcecode.swift; path = RootView.swift; sourceTree = "<group>"; };
		B750F0182D8824C100AFD59D /* MakeNewSaleView.swift */ = {isa = PBXFileReference; lastKnownFileType = sourcecode.swift; path = MakeNewSaleView.swift; sourceTree = "<group>"; };
		B750F01C2D88252000AFD59D /* ManageSellersView.swift */ = {isa = PBXFileReference; lastKnownFileType = sourcecode.swift; path = ManageSellersView.swift; sourceTree = "<group>"; };
		B750F0212D88255F00AFD59D /* StatisticsView.swift */ = {isa = PBXFileReference; lastKnownFileType = sourcecode.swift; path = StatisticsView.swift; sourceTree = "<group>"; };
		B750F0232D882E5B00AFD59D /* GameItemInstance.swift */ = {isa = PBXFileReference; lastKnownFileType = sourcecode.swift; path = GameItemInstance.swift; sourceTree = "<group>"; };
		B750F0252D882E9A00AFD59D /* GameItemInstanceService.swift */ = {isa = PBXFileReference; lastKnownFileType = sourcecode.swift; path = GameItemInstanceService.swift; sourceTree = "<group>"; };
		B750F0282D882EC600AFD59D /* MakeNewSaleViewModel.swift */ = {isa = PBXFileReference; lastKnownFileType = sourcecode.swift; path = MakeNewSaleViewModel.swift; sourceTree = "<group>"; };
		B750F02A2D886C8300AFD59D /* PurchaseDto.swift */ = {isa = PBXFileReference; lastKnownFileType = sourcecode.swift; path = PurchaseDto.swift; sourceTree = "<group>"; };
		B750F02E2D886D4500AFD59D /* PurchaseService.swift */ = {isa = PBXFileReference; lastKnownFileType = sourcecode.swift; path = PurchaseService.swift; sourceTree = "<group>"; };
		B765124F2D81800F0087C97E /* User.swift */ = {isa = PBXFileReference; lastKnownFileType = sourcecode.swift; path = User.swift; sourceTree = "<group>"; };
		B76512532D81804C0087C97E /* Transaction.swift */ = {isa = PBXFileReference; lastKnownFileType = sourcecode.swift; path = Transaction.swift; sourceTree = "<group>"; };
		B76512572D8180930087C97E /* LoginView.swift */ = {isa = PBXFileReference; lastKnownFileType = sourcecode.swift; path = LoginView.swift; sourceTree = "<group>"; };
		B765125A2D8180C30087C97E /* AdminDashboardView.swift */ = {isa = PBXFileReference; lastKnownFileType = sourcecode.swift; path = AdminDashboardView.swift; sourceTree = "<group>"; };
		B765125C2D8180E40087C97E /* ManagerDashboardView.swift */ = {isa = PBXFileReference; lastKnownFileType = sourcecode.swift; path = ManagerDashboardView.swift; sourceTree = "<group>"; };
		B765125F2D8181120087C97E /* CatalogueView.swift */ = {isa = PBXFileReference; lastKnownFileType = sourcecode.swift; path = CatalogueView.swift; sourceTree = "<group>"; };
		B76512612D81812D0087C97E /* GameDetailView.swift */ = {isa = PBXFileReference; lastKnownFileType = sourcecode.swift; path = GameDetailView.swift; sourceTree = "<group>"; };
		B76512642D81814B0087C97E /* SellerListView.swift */ = {isa = PBXFileReference; lastKnownFileType = sourcecode.swift; path = SellerListView.swift; sourceTree = "<group>"; };
		B76512662D81816A0087C97E /* SellerDetailView.swift */ = {isa = PBXFileReference; lastKnownFileType = sourcecode.swift; path = SellerDetailView.swift; sourceTree = "<group>"; };
		B76512682D8181820087C97E /* SellerEditView.swift */ = {isa = PBXFileReference; lastKnownFileType = sourcecode.swift; path = SellerEditView.swift; sourceTree = "<group>"; };
		B765126B2D8181C80087C97E /* LoadingView.swift */ = {isa = PBXFileReference; lastKnownFileType = sourcecode.swift; path = LoadingView.swift; sourceTree = "<group>"; };
		B765126D2D8181DC0087C97E /* ErrorView.swift */ = {isa = PBXFileReference; lastKnownFileType = sourcecode.swift; path = ErrorView.swift; sourceTree = "<group>"; };
		B76512712D8182090087C97E /* LoginViewModel.swift */ = {isa = PBXFileReference; lastKnownFileType = sourcecode.swift; path = LoginViewModel.swift; sourceTree = "<group>"; };
		B76512742D81822D0087C97E /* AdminDashboardViewModel.swift */ = {isa = PBXFileReference; lastKnownFileType = sourcecode.swift; path = AdminDashboardViewModel.swift; sourceTree = "<group>"; };
		B76512762D8182420087C97E /* ManagerDashboardViewModel.swift */ = {isa = PBXFileReference; lastKnownFileType = sourcecode.swift; path = ManagerDashboardViewModel.swift; sourceTree = "<group>"; };
		B76512792D8182630087C97E /* CatalogueViewModel.swift */ = {isa = PBXFileReference; lastKnownFileType = sourcecode.swift; path = CatalogueViewModel.swift; sourceTree = "<group>"; };
		B765127B2D8182810087C97E /* GameDetailViewModel.swift */ = {isa = PBXFileReference; lastKnownFileType = sourcecode.swift; path = GameDetailViewModel.swift; sourceTree = "<group>"; };
		B765127E2D81829D0087C97E /* SellerListViewModel.swift */ = {isa = PBXFileReference; lastKnownFileType = sourcecode.swift; path = SellerListViewModel.swift; sourceTree = "<group>"; };
		B76512802D8182B60087C97E /* SellerDetailViewModel.swift */ = {isa = PBXFileReference; lastKnownFileType = sourcecode.swift; path = SellerDetailViewModel.swift; sourceTree = "<group>"; };
		B76512832D8182DA0087C97E /* APIClient.swift */ = {isa = PBXFileReference; lastKnownFileType = sourcecode.swift; path = APIClient.swift; sourceTree = "<group>"; };
		B76512862D8182F80087C97E /* Endpoints.swift */ = {isa = PBXFileReference; lastKnownFileType = sourcecode.swift; path = Endpoints.swift; sourceTree = "<group>"; };
		B76512882D81830B0087C97E /* TokenManager.swift */ = {isa = PBXFileReference; lastKnownFileType = sourcecode.swift; path = TokenManager.swift; sourceTree = "<group>"; };
		B765128B2D8183330087C97E /* AuthService.swift */ = {isa = PBXFileReference; lastKnownFileType = sourcecode.swift; path = AuthService.swift; sourceTree = "<group>"; };
		B765128D2D8183680087C97E /* GameService.swift */ = {isa = PBXFileReference; lastKnownFileType = sourcecode.swift; path = GameService.swift; sourceTree = "<group>"; };
		B765128F2D8183770087C97E /* SellerService.swift */ = {isa = PBXFileReference; lastKnownFileType = sourcecode.swift; path = SellerService.swift; sourceTree = "<group>"; };
		B76512922D8183940087C97E /* Constants.swift */ = {isa = PBXFileReference; lastKnownFileType = sourcecode.swift; path = Constants.swift; sourceTree = "<group>"; };
		B76512942D8183A90087C97E /* Extensions.swift */ = {isa = PBXFileReference; lastKnownFileType = sourcecode.swift; path = Extensions.swift; sourceTree = "<group>"; };
		B76512962D8183B80087C97E /* Helpers.swift */ = {isa = PBXFileReference; lastKnownFileType = sourcecode.swift; path = Helpers.swift; sourceTree = "<group>"; };
		B76512982D8184740087C97E /* Game.swift */ = {isa = PBXFileReference; lastKnownFileType = sourcecode.swift; path = Game.swift; sourceTree = "<group>"; };
		B765129F2D818B700087C97E /* .env */ = {isa = PBXFileReference; lastKnownFileType = text; path = .env; sourceTree = "<group>"; };
		B76512A12D818C4B0087C97E /* ConfigManager.swift */ = {isa = PBXFileReference; lastKnownFileType = sourcecode.swift; path = ConfigManager.swift; sourceTree = "<group>"; };
		B7A82A8E2D8975DA001E0026 /* CatalogueRowView.swift */ = {isa = PBXFileReference; lastKnownFileType = sourcecode.swift; path = CatalogueRowView.swift; sourceTree = "<group>"; };
		B7A82A902D897699001E0026 /* CatalogueResponse.swift */ = {isa = PBXFileReference; lastKnownFileType = sourcecode.swift; path = CatalogueResponse.swift; sourceTree = "<group>"; };
		B7C146982D8CD1EA00BDC3C4 /* AddGameToDepositView.swift */ = {isa = PBXFileReference; lastKnownFileType = sourcecode.swift; path = AddGameToDepositView.swift; sourceTree = "<group>"; };
		B7C1469A2D8CD1FF00BDC3C4 /* PutGameOnSaleView.swift */ = {isa = PBXFileReference; lastKnownFileType = sourcecode.swift; path = PutGameOnSaleView.swift; sourceTree = "<group>"; };
		B7C1469C2D8CD21300BDC3C4 /* TakeBackGameView.swift */ = {isa = PBXFileReference; lastKnownFileType = sourcecode.swift; path = TakeBackGameView.swift; sourceTree = "<group>"; };
		B7C1469E2D8CD71800BDC3C4 /* DepositModels.swift */ = {isa = PBXFileReference; lastKnownFileType = sourcecode.swift; path = DepositModels.swift; sourceTree = "<group>"; };
		B7C146A02D8CD74000BDC3C4 /* DepositService.swift */ = {isa = PBXFileReference; lastKnownFileType = sourcecode.swift; path = DepositService.swift; sourceTree = "<group>"; };
		B7C146A22D8CD77100BDC3C4 /* AddGameToDepositViewModel.swift */ = {isa = PBXFileReference; lastKnownFileType = sourcecode.swift; path = AddGameToDepositViewModel.swift; sourceTree = "<group>"; };
		B7C146A42D8CDF0F00BDC3C4 /* AddGamesOnSaleViewModel.swift */ = {isa = PBXFileReference; lastKnownFileType = sourcecode.swift; path = AddGamesOnSaleViewModel.swift; sourceTree = "<group>"; };
		B7C146A62D8CDF3000BDC3C4 /* AddGamesOnSaleView.swift */ = {isa = PBXFileReference; lastKnownFileType = sourcecode.swift; path = AddGamesOnSaleView.swift; sourceTree = "<group>"; };
		B7C146A82D8CDFD700BDC3C4 /* SaleService.swift */ = {isa = PBXFileReference; lastKnownFileType = sourcecode.swift; path = SaleService.swift; sourceTree = "<group>"; };
		B7C146AA2D8D6B0200BDC3C4 /* RetrieveService.swift */ = {isa = PBXFileReference; lastKnownFileType = sourcecode.swift; path = RetrieveService.swift; sourceTree = "<group>"; };
		B7C146AC2D8D6B3300BDC3C4 /* TakeBackGameViewModel.swift */ = {isa = PBXFileReference; lastKnownFileType = sourcecode.swift; path = TakeBackGameViewModel.swift; sourceTree = "<group>"; };
		B7C146AE2D8D70F100BDC3C4 /* StatisticsModel.swift */ = {isa = PBXFileReference; lastKnownFileType = sourcecode.swift; path = StatisticsModel.swift; sourceTree = "<group>"; };
		B7C146B02D8D712D00BDC3C4 /* StatisticsService.swift */ = {isa = PBXFileReference; lastKnownFileType = sourcecode.swift; path = StatisticsService.swift; sourceTree = "<group>"; };
		B7C146B32D8D717600BDC3C4 /* StatisticsViewModel.swift */ = {isa = PBXFileReference; lastKnownFileType = sourcecode.swift; path = StatisticsViewModel.swift; sourceTree = "<group>"; };
		B7C146B52D8D76CD00BDC3C4 /* SellerActionsView.swift */ = {isa = PBXFileReference; lastKnownFileType = sourcecode.swift; path = SellerActionsView.swift; sourceTree = "<group>"; };
		B7C146B72D8D803E00BDC3C4 /* BGDetail.swift */ = {isa = PBXFileReference; lastKnownFileType = sourcecode.swift; path = BGDetail.swift; sourceTree = "<group>"; };
		B7C146B92D8D805C00BDC3C4 /* BoardGameDetailView.swift */ = {isa = PBXFileReference; lastKnownFileType = sourcecode.swift; path = BoardGameDetailView.swift; sourceTree = "<group>"; };
		B7C146BB2D8F449400BDC3C4 /* CreateSellerDto.swift */ = {isa = PBXFileReference; lastKnownFileType = sourcecode.swift; path = CreateSellerDto.swift; sourceTree = "<group>"; };
		B7C146BD2D8F49FC00BDC3C4 /* UpdateSellerDto.swift */ = {isa = PBXFileReference; lastKnownFileType = sourcecode.swift; path = UpdateSellerDto.swift; sourceTree = "<group>"; };
		B7C146BF2D8F4A5700BDC3C4 /* SellerUpdateView.swift */ = {isa = PBXFileReference; lastKnownFileType = sourcecode.swift; path = SellerUpdateView.swift; sourceTree = "<group>"; };
		B7C146C22D8F4EC100BDC3C4 /* NavigationCoordinator.swift */ = {isa = PBXFileReference; lastKnownFileType = sourcecode.swift; path = NavigationCoordinator.swift; sourceTree = "<group>"; };
		B7C146C42D8F542000BDC3C4 /* SellerCardView.swift */ = {isa = PBXFileReference; lastKnownFileType = sourcecode.swift; path = SellerCardView.swift; sourceTree = "<group>"; };
		B7C146C62D8F941C00BDC3C4 /* Seller.swift */ = {isa = PBXFileReference; lastKnownFileType = sourcecode.swift; path = Seller.swift; sourceTree = "<group>"; };
		B7C146C82D8F9C8D00BDC3C4 /* GameItemDetailView.swift */ = {isa = PBXFileReference; lastKnownFileType = sourcecode.swift; path = GameItemDetailView.swift; sourceTree = "<group>"; };
		B7C146CA2D8FA2B700BDC3C4 /* SellerStats.swift */ = {isa = PBXFileReference; lastKnownFileType = sourcecode.swift; path = SellerStats.swift; sourceTree = "<group>"; };
		B7C146CC2D8FA2CD00BDC3C4 /* SellerStatisticsService.swift */ = {isa = PBXFileReference; lastKnownFileType = sourcecode.swift; path = SellerStatisticsService.swift; sourceTree = "<group>"; };
		B7C146CE2D8FA2EC00BDC3C4 /* SellerStatisticsView.swift */ = {isa = PBXFileReference; lastKnownFileType = sourcecode.swift; path = SellerStatisticsView.swift; sourceTree = "<group>"; };
		B7C146D02D905DAA00BDC3C4 /* GameItemInstanceExtended.swift */ = {isa = PBXFileReference; lastKnownFileType = sourcecode.swift; path = GameItemInstanceExtended.swift; sourceTree = "<group>"; };
/* End PBXFileReference section */

/* Begin PBXFrameworksBuildPhase section */
		B72DCB722D81751B00C6AD7D /* Frameworks */ = {
			isa = PBXFrameworksBuildPhase;
			buildActionMask = 2147483647;
			files = (
			);
			runOnlyForDeploymentPostprocessing = 0;
		};
		B72DCB822D81751D00C6AD7D /* Frameworks */ = {
			isa = PBXFrameworksBuildPhase;
			buildActionMask = 2147483647;
			files = (
			);
			runOnlyForDeploymentPostprocessing = 0;
		};
		B72DCB8C2D81751D00C6AD7D /* Frameworks */ = {
			isa = PBXFrameworksBuildPhase;
			buildActionMask = 2147483647;
			files = (
			);
			runOnlyForDeploymentPostprocessing = 0;
		};
/* End PBXFrameworksBuildPhase section */

/* Begin PBXGroup section */
		B72DCB6C2D81751B00C6AD7D = {
			isa = PBXGroup;
			children = (
				B765129F2D818B700087C97E /* .env */,
				B72DCB772D81751B00C6AD7D /* Awi-SwiftUI */,
				B72DCB882D81751D00C6AD7D /* Awi-SwiftUITests */,
				B72DCB922D81751D00C6AD7D /* Awi-SwiftUIUITests */,
				B72DCB762D81751B00C6AD7D /* Products */,
			);
			sourceTree = "<group>";
		};
		B72DCB762D81751B00C6AD7D /* Products */ = {
			isa = PBXGroup;
			children = (
				B72DCB752D81751B00C6AD7D /* Awi-SwiftUI.app */,
				B72DCB852D81751D00C6AD7D /* Awi-SwiftUITests.xctest */,
				B72DCB8F2D81751D00C6AD7D /* Awi-SwiftUIUITests.xctest */,
			);
			name = Products;
			sourceTree = "<group>";
		};
		B72DCB772D81751B00C6AD7D /* Awi-SwiftUI */ = {
			isa = PBXGroup;
			children = (
				B7C146C12D8F4EAE00BDC3C4 /* Coordinators */,
				B76512912D8183860087C97E /* Utilities */,
				B765128A2D8183280087C97E /* Services */,
				B76512822D8182CA0087C97E /* Network */,
				B765126F2D8181F50087C97E /* ViewModels */,
				B76512552D8180620087C97E /* Views */,
				B765124E2D817FE70087C97E /* Models */,
				B72DCB782D81751B00C6AD7D /* Awi_SwiftUIApp.swift */,
				B72DCB7A2D81751B00C6AD7D /* ContentView.swift */,
				B72DCB7C2D81751D00C6AD7D /* Assets.xcassets */,
				B72DCB7E2D81751D00C6AD7D /* Preview Content */,
			);
			path = "Awi-SwiftUI";
			sourceTree = "<group>";
		};
		B72DCB7E2D81751D00C6AD7D /* Preview Content */ = {
			isa = PBXGroup;
			children = (
				B72DCB7F2D81751D00C6AD7D /* Preview Assets.xcassets */,
			);
			path = "Preview Content";
			sourceTree = "<group>";
		};
		B72DCB882D81751D00C6AD7D /* Awi-SwiftUITests */ = {
			isa = PBXGroup;
			children = (
				B72DCB892D81751D00C6AD7D /* Awi_SwiftUITests.swift */,
			);
			path = "Awi-SwiftUITests";
			sourceTree = "<group>";
		};
		B72DCB922D81751D00C6AD7D /* Awi-SwiftUIUITests */ = {
			isa = PBXGroup;
			children = (
				B72DCB932D81751D00C6AD7D /* Awi_SwiftUIUITests.swift */,
				B72DCB952D81751D00C6AD7D /* Awi_SwiftUIUITestsLaunchTests.swift */,
			);
			path = "Awi-SwiftUIUITests";
			sourceTree = "<group>";
		};
		B750F0172D8824B300AFD59D /* Sales */ = {
			isa = PBXGroup;
			children = (
				B750F0182D8824C100AFD59D /* MakeNewSaleView.swift */,
			);
			path = Sales;
			sourceTree = "<group>";
		};
		B750F0202D88255300AFD59D /* Session */ = {
			isa = PBXGroup;
			children = (
				B750F0212D88255F00AFD59D /* StatisticsView.swift */,
			);
			path = Session;
			sourceTree = "<group>";
		};
		B750F0272D882EBB00AFD59D /* Sales */ = {
			isa = PBXGroup;
			children = (
				B750F0282D882EC600AFD59D /* MakeNewSaleViewModel.swift */,
			);
			path = Sales;
			sourceTree = "<group>";
		};
		B765124E2D817FE70087C97E /* Models */ = {
			isa = PBXGroup;
			children = (
				B765124F2D81800F0087C97E /* User.swift */,
				B76512532D81804C0087C97E /* Transaction.swift */,
				B76512982D8184740087C97E /* Game.swift */,
				B750F0232D882E5B00AFD59D /* GameItemInstance.swift */,
				B750F02A2D886C8300AFD59D /* PurchaseDto.swift */,
				B7A82A902D897699001E0026 /* CatalogueResponse.swift */,
				B7C1469E2D8CD71800BDC3C4 /* DepositModels.swift */,
				B7C146AE2D8D70F100BDC3C4 /* StatisticsModel.swift */,
				B7C146B72D8D803E00BDC3C4 /* BGDetail.swift */,
				B7C146BB2D8F449400BDC3C4 /* CreateSellerDto.swift */,
				B7C146BD2D8F49FC00BDC3C4 /* UpdateSellerDto.swift */,
				B7C146C62D8F941C00BDC3C4 /* Seller.swift */,
				B7C146CA2D8FA2B700BDC3C4 /* SellerStats.swift */,
				B7C146D02D905DAA00BDC3C4 /* GameItemInstanceExtended.swift */,
			);
			path = Models;
			sourceTree = "<group>";
		};
		B76512552D8180620087C97E /* Views */ = {
			isa = PBXGroup;
			children = (
				B750F0202D88255300AFD59D /* Session */,
				B750F0172D8824B300AFD59D /* Sales */,
				B765126A2D8181BB0087C97E /* Components */,
				B76512632D81813D0087C97E /* Sellers */,
				B765125E2D8180FE0087C97E /* Catalogue */,
				B76512592D8180A30087C97E /* Dashboard */,
				B76512562D8180840087C97E /* Authentication */,
			);
			path = Views;
			sourceTree = "<group>";
		};
		B76512562D8180840087C97E /* Authentication */ = {
			isa = PBXGroup;
			children = (
				B76512572D8180930087C97E /* LoginView.swift */,
				B750F0152D881FA500AFD59D /* RootView.swift */,
			);
			path = Authentication;
			sourceTree = "<group>";
		};
		B76512592D8180A30087C97E /* Dashboard */ = {
			isa = PBXGroup;
			children = (
				B765125A2D8180C30087C97E /* AdminDashboardView.swift */,
				B765125C2D8180E40087C97E /* ManagerDashboardView.swift */,
			);
			path = Dashboard;
			sourceTree = "<group>";
		};
		B765125E2D8180FE0087C97E /* Catalogue */ = {
			isa = PBXGroup;
			children = (
				B765125F2D8181120087C97E /* CatalogueView.swift */,
				B76512612D81812D0087C97E /* GameDetailView.swift */,
				B7A82A8E2D8975DA001E0026 /* CatalogueRowView.swift */,
				B7C146B92D8D805C00BDC3C4 /* BoardGameDetailView.swift */,
				B7C146C82D8F9C8D00BDC3C4 /* GameItemDetailView.swift */,
			);
			path = Catalogue;
			sourceTree = "<group>";
		};
		B76512632D81813D0087C97E /* Sellers */ = {
			isa = PBXGroup;
			children = (
				B76512642D81814B0087C97E /* SellerListView.swift */,
				B76512662D81816A0087C97E /* SellerDetailView.swift */,
				B76512682D8181820087C97E /* SellerEditView.swift */,
				B750F01C2D88252000AFD59D /* ManageSellersView.swift */,
				B7C146982D8CD1EA00BDC3C4 /* AddGameToDepositView.swift */,
				B7C1469A2D8CD1FF00BDC3C4 /* PutGameOnSaleView.swift */,
				B7C1469C2D8CD21300BDC3C4 /* TakeBackGameView.swift */,
				B7C146A62D8CDF3000BDC3C4 /* AddGamesOnSaleView.swift */,
				B7C146B52D8D76CD00BDC3C4 /* SellerActionsView.swift */,
				B7C146BF2D8F4A5700BDC3C4 /* SellerUpdateView.swift */,
				B7C146C42D8F542000BDC3C4 /* SellerCardView.swift */,
				B7C146CE2D8FA2EC00BDC3C4 /* SellerStatisticsView.swift */,
			);
			path = Sellers;
			sourceTree = "<group>";
		};
		B765126A2D8181BB0087C97E /* Components */ = {
			isa = PBXGroup;
			children = (
				B765126B2D8181C80087C97E /* LoadingView.swift */,
				B765126D2D8181DC0087C97E /* ErrorView.swift */,
			);
			path = Components;
			sourceTree = "<group>";
		};
		B765126F2D8181F50087C97E /* ViewModels */ = {
			isa = PBXGroup;
			children = (
				B7C146B22D8D715B00BDC3C4 /* Session */,
				B750F0272D882EBB00AFD59D /* Sales */,
				B765127D2D8182920087C97E /* Sellers */,
				B76512782D8182570087C97E /* Catalogue */,
				B76512732D81821F0087C97E /* Dashboard */,
				B76512702D8181FF0087C97E /* Authentication */,
			);
			path = ViewModels;
			sourceTree = "<group>";
		};
		B76512702D8181FF0087C97E /* Authentication */ = {
			isa = PBXGroup;
			children = (
				B76512712D8182090087C97E /* LoginViewModel.swift */,
			);
			path = Authentication;
			sourceTree = "<group>";
		};
		B76512732D81821F0087C97E /* Dashboard */ = {
			isa = PBXGroup;
			children = (
				B76512742D81822D0087C97E /* AdminDashboardViewModel.swift */,
				B76512762D8182420087C97E /* ManagerDashboardViewModel.swift */,
			);
			path = Dashboard;
			sourceTree = "<group>";
		};
		B76512782D8182570087C97E /* Catalogue */ = {
			isa = PBXGroup;
			children = (
				B76512792D8182630087C97E /* CatalogueViewModel.swift */,
				B765127B2D8182810087C97E /* GameDetailViewModel.swift */,
			);
			path = Catalogue;
			sourceTree = "<group>";
		};
		B765127D2D8182920087C97E /* Sellers */ = {
			isa = PBXGroup;
			children = (
				B765127E2D81829D0087C97E /* SellerListViewModel.swift */,
				B76512802D8182B60087C97E /* SellerDetailViewModel.swift */,
				B7C146A22D8CD77100BDC3C4 /* AddGameToDepositViewModel.swift */,
				B7C146A42D8CDF0F00BDC3C4 /* AddGamesOnSaleViewModel.swift */,
				B7C146AC2D8D6B3300BDC3C4 /* TakeBackGameViewModel.swift */,
			);
			path = Sellers;
			sourceTree = "<group>";
		};
		B76512822D8182CA0087C97E /* Network */ = {
			isa = PBXGroup;
			children = (
				B76512832D8182DA0087C97E /* APIClient.swift */,
				B76512862D8182F80087C97E /* Endpoints.swift */,
				B76512882D81830B0087C97E /* TokenManager.swift */,
			);
			path = Network;
			sourceTree = "<group>";
		};
		B765128A2D8183280087C97E /* Services */ = {
			isa = PBXGroup;
			children = (
				B765128B2D8183330087C97E /* AuthService.swift */,
				B765128D2D8183680087C97E /* GameService.swift */,
				B765128F2D8183770087C97E /* SellerService.swift */,
				B750F0252D882E9A00AFD59D /* GameItemInstanceService.swift */,
				B750F02E2D886D4500AFD59D /* PurchaseService.swift */,
				B7C146A02D8CD74000BDC3C4 /* DepositService.swift */,
				B7C146A82D8CDFD700BDC3C4 /* SaleService.swift */,
				B7C146AA2D8D6B0200BDC3C4 /* RetrieveService.swift */,
				B7C146B02D8D712D00BDC3C4 /* StatisticsService.swift */,
				B7C146CC2D8FA2CD00BDC3C4 /* SellerStatisticsService.swift */,
			);
			path = Services;
			sourceTree = "<group>";
		};
		B76512912D8183860087C97E /* Utilities */ = {
			isa = PBXGroup;
			children = (
				B76512922D8183940087C97E /* Constants.swift */,
				B76512942D8183A90087C97E /* Extensions.swift */,
				B76512962D8183B80087C97E /* Helpers.swift */,
				B76512A12D818C4B0087C97E /* ConfigManager.swift */,
			);
			path = Utilities;
			sourceTree = "<group>";
		};
		B7C146B22D8D715B00BDC3C4 /* Session */ = {
			isa = PBXGroup;
			children = (
				B7C146B32D8D717600BDC3C4 /* StatisticsViewModel.swift */,
			);
			path = Session;
			sourceTree = "<group>";
		};
		B7C146C12D8F4EAE00BDC3C4 /* Coordinators */ = {
			isa = PBXGroup;
			children = (
				B7C146C22D8F4EC100BDC3C4 /* NavigationCoordinator.swift */,
			);
			path = Coordinators;
			sourceTree = "<group>";
		};
/* End PBXGroup section */

/* Begin PBXNativeTarget section */
		B72DCB742D81751B00C6AD7D /* Awi-SwiftUI */ = {
			isa = PBXNativeTarget;
			buildConfigurationList = B72DCB992D81751D00C6AD7D /* Build configuration list for PBXNativeTarget "Awi-SwiftUI" */;
			buildPhases = (
				B72DCB712D81751B00C6AD7D /* Sources */,
				B72DCB722D81751B00C6AD7D /* Frameworks */,
				B72DCB732D81751B00C6AD7D /* Resources */,
			);
			buildRules = (
			);
			dependencies = (
			);
			name = "Awi-SwiftUI";
			productName = "Awi-SwiftUI";
			productReference = B72DCB752D81751B00C6AD7D /* Awi-SwiftUI.app */;
			productType = "com.apple.product-type.application";
		};
		B72DCB842D81751D00C6AD7D /* Awi-SwiftUITests */ = {
			isa = PBXNativeTarget;
			buildConfigurationList = B72DCB9C2D81751D00C6AD7D /* Build configuration list for PBXNativeTarget "Awi-SwiftUITests" */;
			buildPhases = (
				B72DCB812D81751D00C6AD7D /* Sources */,
				B72DCB822D81751D00C6AD7D /* Frameworks */,
				B72DCB832D81751D00C6AD7D /* Resources */,
			);
			buildRules = (
			);
			dependencies = (
				B72DCB872D81751D00C6AD7D /* PBXTargetDependency */,
			);
			name = "Awi-SwiftUITests";
			productName = "Awi-SwiftUITests";
			productReference = B72DCB852D81751D00C6AD7D /* Awi-SwiftUITests.xctest */;
			productType = "com.apple.product-type.bundle.unit-test";
		};
		B72DCB8E2D81751D00C6AD7D /* Awi-SwiftUIUITests */ = {
			isa = PBXNativeTarget;
			buildConfigurationList = B72DCB9F2D81751D00C6AD7D /* Build configuration list for PBXNativeTarget "Awi-SwiftUIUITests" */;
			buildPhases = (
				B72DCB8B2D81751D00C6AD7D /* Sources */,
				B72DCB8C2D81751D00C6AD7D /* Frameworks */,
				B72DCB8D2D81751D00C6AD7D /* Resources */,
			);
			buildRules = (
			);
			dependencies = (
				B72DCB912D81751D00C6AD7D /* PBXTargetDependency */,
			);
			name = "Awi-SwiftUIUITests";
			productName = "Awi-SwiftUIUITests";
			productReference = B72DCB8F2D81751D00C6AD7D /* Awi-SwiftUIUITests.xctest */;
			productType = "com.apple.product-type.bundle.ui-testing";
		};
/* End PBXNativeTarget section */

/* Begin PBXProject section */
		B72DCB6D2D81751B00C6AD7D /* Project object */ = {
			isa = PBXProject;
			attributes = {
				BuildIndependentTargetsInParallel = 1;
				LastSwiftUpdateCheck = 1420;
				LastUpgradeCheck = 1420;
				TargetAttributes = {
					B72DCB742D81751B00C6AD7D = {
						CreatedOnToolsVersion = 14.2;
					};
					B72DCB842D81751D00C6AD7D = {
						CreatedOnToolsVersion = 14.2;
						TestTargetID = B72DCB742D81751B00C6AD7D;
					};
					B72DCB8E2D81751D00C6AD7D = {
						CreatedOnToolsVersion = 14.2;
						TestTargetID = B72DCB742D81751B00C6AD7D;
					};
				};
			};
			buildConfigurationList = B72DCB702D81751B00C6AD7D /* Build configuration list for PBXProject "Awi-SwiftUI" */;
			compatibilityVersion = "Xcode 14.0";
			developmentRegion = en;
			hasScannedForEncodings = 0;
			knownRegions = (
				en,
				Base,
			);
			mainGroup = B72DCB6C2D81751B00C6AD7D;
			productRefGroup = B72DCB762D81751B00C6AD7D /* Products */;
			projectDirPath = "";
			projectRoot = "";
			targets = (
				B72DCB742D81751B00C6AD7D /* Awi-SwiftUI */,
				B72DCB842D81751D00C6AD7D /* Awi-SwiftUITests */,
				B72DCB8E2D81751D00C6AD7D /* Awi-SwiftUIUITests */,
			);
		};
/* End PBXProject section */

/* Begin PBXResourcesBuildPhase section */
		B72DCB732D81751B00C6AD7D /* Resources */ = {
			isa = PBXResourcesBuildPhase;
			buildActionMask = 2147483647;
			files = (
				B76512A02D818B700087C97E /* .env in Resources */,
				B72DCB802D81751D00C6AD7D /* Preview Assets.xcassets in Resources */,
				B72DCB7D2D81751D00C6AD7D /* Assets.xcassets in Resources */,
			);
			runOnlyForDeploymentPostprocessing = 0;
		};
		B72DCB832D81751D00C6AD7D /* Resources */ = {
			isa = PBXResourcesBuildPhase;
			buildActionMask = 2147483647;
			files = (
			);
			runOnlyForDeploymentPostprocessing = 0;
		};
		B72DCB8D2D81751D00C6AD7D /* Resources */ = {
			isa = PBXResourcesBuildPhase;
			buildActionMask = 2147483647;
			files = (
			);
			runOnlyForDeploymentPostprocessing = 0;
		};
/* End PBXResourcesBuildPhase section */

/* Begin PBXSourcesBuildPhase section */
		B72DCB712D81751B00C6AD7D /* Sources */ = {
			isa = PBXSourcesBuildPhase;
			buildActionMask = 2147483647;
			files = (
				B76512582D8180930087C97E /* LoginView.swift in Sources */,
				B7C146C52D8F542000BDC3C4 /* SellerCardView.swift in Sources */,
				B7C146AB2D8D6B0200BDC3C4 /* RetrieveService.swift in Sources */,
				B7C146BC2D8F449400BDC3C4 /* CreateSellerDto.swift in Sources */,
				B7C146C32D8F4EC100BDC3C4 /* NavigationCoordinator.swift in Sources */,
				B72DCB7B2D81751B00C6AD7D /* ContentView.swift in Sources */,
				B7A82A912D897699001E0026 /* CatalogueResponse.swift in Sources */,
				B7C146BA2D8D805C00BDC3C4 /* BoardGameDetailView.swift in Sources */,
				B76512752D81822D0087C97E /* AdminDashboardViewModel.swift in Sources */,
				B765127A2D8182630087C97E /* CatalogueViewModel.swift in Sources */,
				B7A82A8F2D8975DA001E0026 /* CatalogueRowView.swift in Sources */,
				B7C146A52D8CDF0F00BDC3C4 /* AddGamesOnSaleViewModel.swift in Sources */,
				B7C146A92D8CDFD700BDC3C4 /* SaleService.swift in Sources */,
				B72DCB792D81751B00C6AD7D /* Awi_SwiftUIApp.swift in Sources */,
				B7C146CB2D8FA2B700BDC3C4 /* SellerStats.swift in Sources */,
				B76512932D8183940087C97E /* Constants.swift in Sources */,
				B7C146A12D8CD74000BDC3C4 /* DepositService.swift in Sources */,
				B7C146AF2D8D70F100BDC3C4 /* StatisticsModel.swift in Sources */,
				B7C1469B2D8CD1FF00BDC3C4 /* PutGameOnSaleView.swift in Sources */,
				B750F02B2D886C8300AFD59D /* PurchaseDto.swift in Sources */,
				B765127C2D8182810087C97E /* GameDetailViewModel.swift in Sources */,
				B7C146CD2D8FA2CD00BDC3C4 /* SellerStatisticsService.swift in Sources */,
				B76512622D81812D0087C97E /* GameDetailView.swift in Sources */,
				B76512722D8182090087C97E /* LoginViewModel.swift in Sources */,
				B765125D2D8180E40087C97E /* ManagerDashboardView.swift in Sources */,
				B765126C2D8181C80087C97E /* LoadingView.swift in Sources */,
				B7C146C72D8F941C00BDC3C4 /* Seller.swift in Sources */,
				B7C146C02D8F4A5700BDC3C4 /* SellerUpdateView.swift in Sources */,
				B7C146A32D8CD77100BDC3C4 /* AddGameToDepositViewModel.swift in Sources */,
				B76512672D81816A0087C97E /* SellerDetailView.swift in Sources */,
				B765128E2D8183680087C97E /* GameService.swift in Sources */,
				B76512602D8181120087C97E /* CatalogueView.swift in Sources */,
				B76512772D8182420087C97E /* ManagerDashboardViewModel.swift in Sources */,
				B7C146A72D8CDF3000BDC3C4 /* AddGamesOnSaleView.swift in Sources */,
				B750F01D2D88252000AFD59D /* ManageSellersView.swift in Sources */,
				B76512502D81800F0087C97E /* User.swift in Sources */,
				B7C146B82D8D803E00BDC3C4 /* BGDetail.swift in Sources */,
				B765127F2D81829D0087C97E /* SellerListViewModel.swift in Sources */,
				B765126E2D8181DC0087C97E /* ErrorView.swift in Sources */,
				B76512902D8183770087C97E /* SellerService.swift in Sources */,
				B750F0162D881FA500AFD59D /* RootView.swift in Sources */,
				B7C1469F2D8CD71800BDC3C4 /* DepositModels.swift in Sources */,
				B750F0292D882EC600AFD59D /* MakeNewSaleViewModel.swift in Sources */,
				B76512692D8181820087C97E /* SellerEditView.swift in Sources */,
				B76512542D81804C0087C97E /* Transaction.swift in Sources */,
				B7C146B42D8D717600BDC3C4 /* StatisticsViewModel.swift in Sources */,
				B7C146D12D905DAA00BDC3C4 /* GameItemInstanceExtended.swift in Sources */,
				B7C146B12D8D712D00BDC3C4 /* StatisticsService.swift in Sources */,
				B7C146AD2D8D6B3300BDC3C4 /* TakeBackGameViewModel.swift in Sources */,
				B765128C2D8183330087C97E /* AuthService.swift in Sources */,
				B76512A22D818C4B0087C97E /* ConfigManager.swift in Sources */,
				B76512652D81814B0087C97E /* SellerListView.swift in Sources */,
				B7C1469D2D8CD21300BDC3C4 /* TakeBackGameView.swift in Sources */,
				B76512812D8182B60087C97E /* SellerDetailViewModel.swift in Sources */,
				B76512952D8183A90087C97E /* Extensions.swift in Sources */,
				B750F0262D882E9A00AFD59D /* GameItemInstanceService.swift in Sources */,
				B7C146C92D8F9C8D00BDC3C4 /* GameItemDetailView.swift in Sources */,
				B76512972D8183B80087C97E /* Helpers.swift in Sources */,
				B76512842D8182DA0087C97E /* APIClient.swift in Sources */,
				B76512892D81830B0087C97E /* TokenManager.swift in Sources */,
				B7C146992D8CD1EA00BDC3C4 /* AddGameToDepositView.swift in Sources */,
				B7C146CF2D8FA2EC00BDC3C4 /* SellerStatisticsView.swift in Sources */,
				B7C146BE2D8F49FC00BDC3C4 /* UpdateSellerDto.swift in Sources */,
				B76512872D8182F80087C97E /* Endpoints.swift in Sources */,
				B750F0192D8824C100AFD59D /* MakeNewSaleView.swift in Sources */,
				B750F0242D882E5B00AFD59D /* GameItemInstance.swift in Sources */,
				B750F02F2D886D4500AFD59D /* PurchaseService.swift in Sources */,
				B750F0222D88255F00AFD59D /* StatisticsView.swift in Sources */,
				B765125B2D8180C30087C97E /* AdminDashboardView.swift in Sources */,
				B76512992D8184740087C97E /* Game.swift in Sources */,
				B7C146B62D8D76CD00BDC3C4 /* SellerActionsView.swift in Sources */,
			);
			runOnlyForDeploymentPostprocessing = 0;
		};
		B72DCB812D81751D00C6AD7D /* Sources */ = {
			isa = PBXSourcesBuildPhase;
			buildActionMask = 2147483647;
			files = (
				B72DCB8A2D81751D00C6AD7D /* Awi_SwiftUITests.swift in Sources */,
			);
			runOnlyForDeploymentPostprocessing = 0;
		};
		B72DCB8B2D81751D00C6AD7D /* Sources */ = {
			isa = PBXSourcesBuildPhase;
			buildActionMask = 2147483647;
			files = (
				B72DCB962D81751D00C6AD7D /* Awi_SwiftUIUITestsLaunchTests.swift in Sources */,
				B72DCB942D81751D00C6AD7D /* Awi_SwiftUIUITests.swift in Sources */,
			);
			runOnlyForDeploymentPostprocessing = 0;
		};
/* End PBXSourcesBuildPhase section */

/* Begin PBXTargetDependency section */
		B72DCB872D81751D00C6AD7D /* PBXTargetDependency */ = {
			isa = PBXTargetDependency;
			target = B72DCB742D81751B00C6AD7D /* Awi-SwiftUI */;
			targetProxy = B72DCB862D81751D00C6AD7D /* PBXContainerItemProxy */;
		};
		B72DCB912D81751D00C6AD7D /* PBXTargetDependency */ = {
			isa = PBXTargetDependency;
			target = B72DCB742D81751B00C6AD7D /* Awi-SwiftUI */;
			targetProxy = B72DCB902D81751D00C6AD7D /* PBXContainerItemProxy */;
		};
/* End PBXTargetDependency section */

/* Begin XCBuildConfiguration section */
		B72DCB972D81751D00C6AD7D /* Debug */ = {
			isa = XCBuildConfiguration;
			buildSettings = {
				ALWAYS_SEARCH_USER_PATHS = NO;
				CLANG_ANALYZER_NONNULL = YES;
				CLANG_ANALYZER_NUMBER_OBJECT_CONVERSION = YES_AGGRESSIVE;
				CLANG_CXX_LANGUAGE_STANDARD = "gnu++20";
				CLANG_ENABLE_MODULES = YES;
				CLANG_ENABLE_OBJC_ARC = YES;
				CLANG_ENABLE_OBJC_WEAK = YES;
				CLANG_WARN_BLOCK_CAPTURE_AUTORELEASING = YES;
				CLANG_WARN_BOOL_CONVERSION = YES;
				CLANG_WARN_COMMA = YES;
				CLANG_WARN_CONSTANT_CONVERSION = YES;
				CLANG_WARN_DEPRECATED_OBJC_IMPLEMENTATIONS = YES;
				CLANG_WARN_DIRECT_OBJC_ISA_USAGE = YES_ERROR;
				CLANG_WARN_DOCUMENTATION_COMMENTS = YES;
				CLANG_WARN_EMPTY_BODY = YES;
				CLANG_WARN_ENUM_CONVERSION = YES;
				CLANG_WARN_INFINITE_RECURSION = YES;
				CLANG_WARN_INT_CONVERSION = YES;
				CLANG_WARN_NON_LITERAL_NULL_CONVERSION = YES;
				CLANG_WARN_OBJC_IMPLICIT_RETAIN_SELF = YES;
				CLANG_WARN_OBJC_LITERAL_CONVERSION = YES;
				CLANG_WARN_OBJC_ROOT_CLASS = YES_ERROR;
				CLANG_WARN_QUOTED_INCLUDE_IN_FRAMEWORK_HEADER = YES;
				CLANG_WARN_RANGE_LOOP_ANALYSIS = YES;
				CLANG_WARN_STRICT_PROTOTYPES = YES;
				CLANG_WARN_SUSPICIOUS_MOVE = YES;
				CLANG_WARN_UNGUARDED_AVAILABILITY = YES_AGGRESSIVE;
				CLANG_WARN_UNREACHABLE_CODE = YES;
				CLANG_WARN__DUPLICATE_METHOD_MATCH = YES;
				COPY_PHASE_STRIP = NO;
				DEBUG_INFORMATION_FORMAT = dwarf;
				ENABLE_STRICT_OBJC_MSGSEND = YES;
				ENABLE_TESTABILITY = YES;
				GCC_C_LANGUAGE_STANDARD = gnu11;
				GCC_DYNAMIC_NO_PIC = NO;
				GCC_NO_COMMON_BLOCKS = YES;
				GCC_OPTIMIZATION_LEVEL = 0;
				GCC_PREPROCESSOR_DEFINITIONS = (
					"DEBUG=1",
					"$(inherited)",
				);
				GCC_WARN_64_TO_32_BIT_CONVERSION = YES;
				GCC_WARN_ABOUT_RETURN_TYPE = YES_ERROR;
				GCC_WARN_UNDECLARED_SELECTOR = YES;
				GCC_WARN_UNINITIALIZED_AUTOS = YES_AGGRESSIVE;
				GCC_WARN_UNUSED_FUNCTION = YES;
				GCC_WARN_UNUSED_VARIABLE = YES;
				IPHONEOS_DEPLOYMENT_TARGET = 16.2;
				MTL_ENABLE_DEBUG_INFO = INCLUDE_SOURCE;
				MTL_FAST_MATH = YES;
				ONLY_ACTIVE_ARCH = YES;
				SDKROOT = iphoneos;
				SWIFT_ACTIVE_COMPILATION_CONDITIONS = DEBUG;
				SWIFT_OPTIMIZATION_LEVEL = "-Onone";
			};
			name = Debug;
		};
		B72DCB982D81751D00C6AD7D /* Release */ = {
			isa = XCBuildConfiguration;
			buildSettings = {
				ALWAYS_SEARCH_USER_PATHS = NO;
				CLANG_ANALYZER_NONNULL = YES;
				CLANG_ANALYZER_NUMBER_OBJECT_CONVERSION = YES_AGGRESSIVE;
				CLANG_CXX_LANGUAGE_STANDARD = "gnu++20";
				CLANG_ENABLE_MODULES = YES;
				CLANG_ENABLE_OBJC_ARC = YES;
				CLANG_ENABLE_OBJC_WEAK = YES;
				CLANG_WARN_BLOCK_CAPTURE_AUTORELEASING = YES;
				CLANG_WARN_BOOL_CONVERSION = YES;
				CLANG_WARN_COMMA = YES;
				CLANG_WARN_CONSTANT_CONVERSION = YES;
				CLANG_WARN_DEPRECATED_OBJC_IMPLEMENTATIONS = YES;
				CLANG_WARN_DIRECT_OBJC_ISA_USAGE = YES_ERROR;
				CLANG_WARN_DOCUMENTATION_COMMENTS = YES;
				CLANG_WARN_EMPTY_BODY = YES;
				CLANG_WARN_ENUM_CONVERSION = YES;
				CLANG_WARN_INFINITE_RECURSION = YES;
				CLANG_WARN_INT_CONVERSION = YES;
				CLANG_WARN_NON_LITERAL_NULL_CONVERSION = YES;
				CLANG_WARN_OBJC_IMPLICIT_RETAIN_SELF = YES;
				CLANG_WARN_OBJC_LITERAL_CONVERSION = YES;
				CLANG_WARN_OBJC_ROOT_CLASS = YES_ERROR;
				CLANG_WARN_QUOTED_INCLUDE_IN_FRAMEWORK_HEADER = YES;
				CLANG_WARN_RANGE_LOOP_ANALYSIS = YES;
				CLANG_WARN_STRICT_PROTOTYPES = YES;
				CLANG_WARN_SUSPICIOUS_MOVE = YES;
				CLANG_WARN_UNGUARDED_AVAILABILITY = YES_AGGRESSIVE;
				CLANG_WARN_UNREACHABLE_CODE = YES;
				CLANG_WARN__DUPLICATE_METHOD_MATCH = YES;
				COPY_PHASE_STRIP = NO;
				DEBUG_INFORMATION_FORMAT = "dwarf-with-dsym";
				ENABLE_NS_ASSERTIONS = NO;
				ENABLE_STRICT_OBJC_MSGSEND = YES;
				GCC_C_LANGUAGE_STANDARD = gnu11;
				GCC_NO_COMMON_BLOCKS = YES;
				GCC_WARN_64_TO_32_BIT_CONVERSION = YES;
				GCC_WARN_ABOUT_RETURN_TYPE = YES_ERROR;
				GCC_WARN_UNDECLARED_SELECTOR = YES;
				GCC_WARN_UNINITIALIZED_AUTOS = YES_AGGRESSIVE;
				GCC_WARN_UNUSED_FUNCTION = YES;
				GCC_WARN_UNUSED_VARIABLE = YES;
				IPHONEOS_DEPLOYMENT_TARGET = 16.2;
				MTL_ENABLE_DEBUG_INFO = NO;
				MTL_FAST_MATH = YES;
				SDKROOT = iphoneos;
				SWIFT_COMPILATION_MODE = wholemodule;
				SWIFT_OPTIMIZATION_LEVEL = "-O";
				VALIDATE_PRODUCT = YES;
			};
			name = Release;
		};
		B72DCB9A2D81751D00C6AD7D /* Debug */ = {
			isa = XCBuildConfiguration;
			buildSettings = {
				ASSETCATALOG_COMPILER_APPICON_NAME = AppIcon;
				ASSETCATALOG_COMPILER_GLOBAL_ACCENT_COLOR_NAME = AccentColor;
				CODE_SIGN_STYLE = Automatic;
				CURRENT_PROJECT_VERSION = 1;
				DEVELOPMENT_ASSET_PATHS = "\"Awi-SwiftUI/Preview Content\"";
				ENABLE_PREVIEWS = YES;
				GENERATE_INFOPLIST_FILE = YES;
				INFOPLIST_KEY_UIApplicationSceneManifest_Generation = YES;
				INFOPLIST_KEY_UIApplicationSupportsIndirectInputEvents = YES;
				INFOPLIST_KEY_UILaunchScreen_Generation = YES;
				INFOPLIST_KEY_UISupportedInterfaceOrientations_iPad = "UIInterfaceOrientationPortrait UIInterfaceOrientationPortraitUpsideDown UIInterfaceOrientationLandscapeLeft UIInterfaceOrientationLandscapeRight";
				INFOPLIST_KEY_UISupportedInterfaceOrientations_iPhone = "UIInterfaceOrientationPortrait UIInterfaceOrientationLandscapeLeft UIInterfaceOrientationLandscapeRight";
				LD_RUNPATH_SEARCH_PATHS = (
					"$(inherited)",
					"@executable_path/Frameworks",
				);
				MARKETING_VERSION = 1.0;
				PRODUCT_BUNDLE_IDENTIFIER = "ACGD.Awi-SwiftUI";
				PRODUCT_NAME = "$(TARGET_NAME)";
				SWIFT_EMIT_LOC_STRINGS = YES;
				SWIFT_VERSION = 5.0;
				TARGETED_DEVICE_FAMILY = "1,2";
			};
			name = Debug;
		};
		B72DCB9B2D81751D00C6AD7D /* Release */ = {
			isa = XCBuildConfiguration;
			buildSettings = {
				ASSETCATALOG_COMPILER_APPICON_NAME = AppIcon;
				ASSETCATALOG_COMPILER_GLOBAL_ACCENT_COLOR_NAME = AccentColor;
				CODE_SIGN_STYLE = Automatic;
				CURRENT_PROJECT_VERSION = 1;
				DEVELOPMENT_ASSET_PATHS = "\"Awi-SwiftUI/Preview Content\"";
				ENABLE_PREVIEWS = YES;
				GENERATE_INFOPLIST_FILE = YES;
				INFOPLIST_KEY_UIApplicationSceneManifest_Generation = YES;
				INFOPLIST_KEY_UIApplicationSupportsIndirectInputEvents = YES;
				INFOPLIST_KEY_UILaunchScreen_Generation = YES;
				INFOPLIST_KEY_UISupportedInterfaceOrientations_iPad = "UIInterfaceOrientationPortrait UIInterfaceOrientationPortraitUpsideDown UIInterfaceOrientationLandscapeLeft UIInterfaceOrientationLandscapeRight";
				INFOPLIST_KEY_UISupportedInterfaceOrientations_iPhone = "UIInterfaceOrientationPortrait UIInterfaceOrientationLandscapeLeft UIInterfaceOrientationLandscapeRight";
				LD_RUNPATH_SEARCH_PATHS = (
					"$(inherited)",
					"@executable_path/Frameworks",
				);
				MARKETING_VERSION = 1.0;
				PRODUCT_BUNDLE_IDENTIFIER = "ACGD.Awi-SwiftUI";
				PRODUCT_NAME = "$(TARGET_NAME)";
				SWIFT_EMIT_LOC_STRINGS = YES;
				SWIFT_VERSION = 5.0;
				TARGETED_DEVICE_FAMILY = "1,2";
			};
			name = Release;
		};
		B72DCB9D2D81751D00C6AD7D /* Debug */ = {
			isa = XCBuildConfiguration;
			buildSettings = {
				ALWAYS_EMBED_SWIFT_STANDARD_LIBRARIES = YES;
				BUNDLE_LOADER = "$(TEST_HOST)";
				CODE_SIGN_STYLE = Automatic;
				CURRENT_PROJECT_VERSION = 1;
				GENERATE_INFOPLIST_FILE = YES;
				IPHONEOS_DEPLOYMENT_TARGET = 16.2;
				MARKETING_VERSION = 1.0;
				PRODUCT_BUNDLE_IDENTIFIER = "ACGD.Awi-SwiftUITests";
				PRODUCT_NAME = "$(TARGET_NAME)";
				SWIFT_EMIT_LOC_STRINGS = NO;
				SWIFT_VERSION = 5.0;
				TARGETED_DEVICE_FAMILY = "1,2";
				TEST_HOST = "$(BUILT_PRODUCTS_DIR)/Awi-SwiftUI.app/$(BUNDLE_EXECUTABLE_FOLDER_PATH)/Awi-SwiftUI";
			};
			name = Debug;
		};
		B72DCB9E2D81751D00C6AD7D /* Release */ = {
			isa = XCBuildConfiguration;
			buildSettings = {
				ALWAYS_EMBED_SWIFT_STANDARD_LIBRARIES = YES;
				BUNDLE_LOADER = "$(TEST_HOST)";
				CODE_SIGN_STYLE = Automatic;
				CURRENT_PROJECT_VERSION = 1;
				GENERATE_INFOPLIST_FILE = YES;
				IPHONEOS_DEPLOYMENT_TARGET = 16.2;
				MARKETING_VERSION = 1.0;
				PRODUCT_BUNDLE_IDENTIFIER = "ACGD.Awi-SwiftUITests";
				PRODUCT_NAME = "$(TARGET_NAME)";
				SWIFT_EMIT_LOC_STRINGS = NO;
				SWIFT_VERSION = 5.0;
				TARGETED_DEVICE_FAMILY = "1,2";
				TEST_HOST = "$(BUILT_PRODUCTS_DIR)/Awi-SwiftUI.app/$(BUNDLE_EXECUTABLE_FOLDER_PATH)/Awi-SwiftUI";
			};
			name = Release;
		};
		B72DCBA02D81751D00C6AD7D /* Debug */ = {
			isa = XCBuildConfiguration;
			buildSettings = {
				ALWAYS_EMBED_SWIFT_STANDARD_LIBRARIES = YES;
				CODE_SIGN_STYLE = Automatic;
				CURRENT_PROJECT_VERSION = 1;
				GENERATE_INFOPLIST_FILE = YES;
				MARKETING_VERSION = 1.0;
				PRODUCT_BUNDLE_IDENTIFIER = "ACGD.Awi-SwiftUIUITests";
				PRODUCT_NAME = "$(TARGET_NAME)";
				SWIFT_EMIT_LOC_STRINGS = NO;
				SWIFT_VERSION = 5.0;
				TARGETED_DEVICE_FAMILY = "1,2";
				TEST_TARGET_NAME = "Awi-SwiftUI";
			};
			name = Debug;
		};
		B72DCBA12D81751D00C6AD7D /* Release */ = {
			isa = XCBuildConfiguration;
			buildSettings = {
				ALWAYS_EMBED_SWIFT_STANDARD_LIBRARIES = YES;
				CODE_SIGN_STYLE = Automatic;
				CURRENT_PROJECT_VERSION = 1;
				GENERATE_INFOPLIST_FILE = YES;
				MARKETING_VERSION = 1.0;
				PRODUCT_BUNDLE_IDENTIFIER = "ACGD.Awi-SwiftUIUITests";
				PRODUCT_NAME = "$(TARGET_NAME)";
				SWIFT_EMIT_LOC_STRINGS = NO;
				SWIFT_VERSION = 5.0;
				TARGETED_DEVICE_FAMILY = "1,2";
				TEST_TARGET_NAME = "Awi-SwiftUI";
			};
			name = Release;
		};
/* End XCBuildConfiguration section */

/* Begin XCConfigurationList section */
		B72DCB702D81751B00C6AD7D /* Build configuration list for PBXProject "Awi-SwiftUI" */ = {
			isa = XCConfigurationList;
			buildConfigurations = (
				B72DCB972D81751D00C6AD7D /* Debug */,
				B72DCB982D81751D00C6AD7D /* Release */,
			);
			defaultConfigurationIsVisible = 0;
			defaultConfigurationName = Release;
		};
		B72DCB992D81751D00C6AD7D /* Build configuration list for PBXNativeTarget "Awi-SwiftUI" */ = {
			isa = XCConfigurationList;
			buildConfigurations = (
				B72DCB9A2D81751D00C6AD7D /* Debug */,
				B72DCB9B2D81751D00C6AD7D /* Release */,
			);
			defaultConfigurationIsVisible = 0;
			defaultConfigurationName = Release;
		};
		B72DCB9C2D81751D00C6AD7D /* Build configuration list for PBXNativeTarget "Awi-SwiftUITests" */ = {
			isa = XCConfigurationList;
			buildConfigurations = (
				B72DCB9D2D81751D00C6AD7D /* Debug */,
				B72DCB9E2D81751D00C6AD7D /* Release */,
			);
			defaultConfigurationIsVisible = 0;
			defaultConfigurationName = Release;
		};
		B72DCB9F2D81751D00C6AD7D /* Build configuration list for PBXNativeTarget "Awi-SwiftUIUITests" */ = {
			isa = XCConfigurationList;
			buildConfigurations = (
				B72DCBA02D81751D00C6AD7D /* Debug */,
				B72DCBA12D81751D00C6AD7D /* Release */,
			);
			defaultConfigurationIsVisible = 0;
			defaultConfigurationName = Release;
		};
/* End XCConfigurationList section */
	};
	rootObject = B72DCB6D2D81751B00C6AD7D /* Project object */;
}
